
Microsoft Visual Studio Solution File, Format Version 12.00
# Visual Studio Version 17
VisualStudioVersion = 17.9.34728.123
MinimumVisualStudioVersion = 10.0.40219.1
Project("{FAE04EC0-301F-11D3-BF4B-00C04F79EFBC}") = "NorthernIrelandPowerOutages", "NorthernIrelandPowerOutages\NorthernIrelandPowerOutages\NorthernIrelandPowerOutages.csproj", "{DD79729A-BE2B-45A8-A694-30E25A85023F}"
EndProject
Project("{FAE04EC0-301F-11D3-BF4B-00C04F79EFBC}") = "NorthernIrelandPowerOutages.Client", "NorthernIrelandPowerOutages\NorthernIrelandPowerOutages.Client\NorthernIrelandPowerOutages.Client.csproj", "{8848B3AB-061F-4063-80A1-A3E04C3B0857}"
EndProject
Global
	GlobalSection(SolutionConfigurationPlatforms) = preSolution
		Debug|Any CPU = Debug|Any CPU
		Release|Any CPU = Release|Any CPU
	EndGlobalSection
	GlobalSection(ProjectConfigurationPlatforms) = postSolution
		{DD79729A-BE2B-45A8-A694-30E25A85023F}.Debug|Any CPU.ActiveCfg = Debug|Any CPU
		{DD79729A-BE2B-45A8-A694-30E25A85023F}.Debug|Any CPU.Build.0 = Debug|Any CPU
		{DD79729A-BE2B-45A8-A694-30E25A85023F}.Release|Any CPU.ActiveCfg = Release|Any CPU
		{DD79729A-BE2B-45A8-A694-30E25A85023F}.Release|Any CPU.Build.0 = Release|Any CPU
		{8848B3AB-061F-4063-80A1-A3E04C3B0857}.Debug|Any CPU.ActiveCfg = Debug|Any CPU
		{8848B3AB-061F-4063-80A1-A3E04C3B0857}.Debug|Any CPU.Build.0 = Debug|Any CPU
		{8848B3AB-061F-4063-80A1-A3E04C3B0857}.Release|Any CPU.ActiveCfg = Release|Any CPU
		{8848B3AB-061F-4063-80A1-A3E04C3B0857}.Release|Any CPU.Build.0 = Release|Any CPU
	EndGlobalSection
	GlobalSection(SolutionProperties) = preSolution
		HideSolutionNode = FALSE
	EndGlobalSection
	GlobalSection(ExtensibilityGlobals) = postSolution
		SolutionGuid = {E5338C00-2DBB-425F-B90E-2F1CEA353E5A}
	EndGlobalSection
EndGlobal
